
Microsoft Visual Studio Solution File, Format Version 12.00
Project("{FAE04EC0-301F-11D3-BF4B-00C04F79EFBC}") = "GeoGamr", "GeoGamr\GeoGamr.csproj", "{CA5B4997-9932-4601-87F5-6EC0DC6EF9DB}"
EndProject
Global
	GlobalSection(SolutionConfigurationPlatforms) = preSolution
		Debug|Any CPU = Debug|Any CPU
		Release|Any CPU = Release|Any CPU
	EndGlobalSection
	GlobalSection(ProjectConfigurationPlatforms) = postSolution
		{CA5B4997-9932-4601-87F5-6EC0DC6EF9DB}.Debug|Any CPU.ActiveCfg = Debug|Any CPU
		{CA5B4997-9932-4601-87F5-6EC0DC6EF9DB}.Debug|Any CPU.Build.0 = Debug|Any CPU
		{CA5B4997-9932-4601-87F5-6EC0DC6EF9DB}.Release|Any CPU.ActiveCfg = Release|Any CPU
		{CA5B4997-9932-4601-87F5-6EC0DC6EF9DB}.Release|Any CPU.Build.0 = Release|Any CPU
	EndGlobalSection
EndGlobal
